
Microsoft Visual Studio Solution File, Format Version 12.00
# Visual Studio 15
VisualStudioVersion = 15.0.27703.2000
MinimumVisualStudioVersion = 10.0.40219.1
Project("{9A19103F-16F7-4668-BE54-9A1E7A4F7556}") = "CMTX.NUGET.Comunes", "CMTX.NUGET.Comunes\CMTX.NUGET.Comunes.csproj", "{ADFD0215-8D84-4C6E-979D-096A6D5F7A4E}"
EndProject
Global
	GlobalSection(SolutionConfigurationPlatforms) = preSolution
		Debug|Any CPU = Debug|Any CPU
		Release|Any CPU = Release|Any CPU
	EndGlobalSection
	GlobalSection(ProjectConfigurationPlatforms) = postSolution
		{ADFD0215-8D84-4C6E-979D-096A6D5F7A4E}.Debug|Any CPU.ActiveCfg = Debug|Any CPU
		{ADFD0215-8D84-4C6E-979D-096A6D5F7A4E}.Debug|Any CPU.Build.0 = Debug|Any CPU
		{ADFD0215-8D84-4C6E-979D-096A6D5F7A4E}.Release|Any CPU.ActiveCfg = Release|Any CPU
		{ADFD0215-8D84-4C6E-979D-096A6D5F7A4E}.Release|Any CPU.Build.0 = Release|Any CPU
	EndGlobalSection
	GlobalSection(SolutionProperties) = preSolution
		HideSolutionNode = FALSE
	EndGlobalSection
	GlobalSection(ExtensibilityGlobals) = postSolution
		SolutionGuid = {862B8411-B2E9-45E2-89E5-6A57B9A2ED7B}
	EndGlobalSection
EndGlobal
